
Microsoft Visual Studio Solution File, Format Version 12.00
# Visual Studio Version 16
VisualStudioVersion = 16.0.31729.503
MinimumVisualStudioVersion = 10.0.40219.1
Project("{FAE04EC0-301F-11D3-BF4B-00C04F79EFBC}") = "TCP_Server", "TCP_Server\TCP_Server.csproj", "{4AA05CAB-2F3F-4464-878E-E257C0DBAE6C}"
EndProject
Global
	GlobalSection(SolutionConfigurationPlatforms) = preSolution
		Debug|Any CPU = Debug|Any CPU
		Release|Any CPU = Release|Any CPU
	EndGlobalSection
	GlobalSection(ProjectConfigurationPlatforms) = postSolution
		{4AA05CAB-2F3F-4464-878E-E257C0DBAE6C}.Debug|Any CPU.ActiveCfg = Debug|Any CPU
		{4AA05CAB-2F3F-4464-878E-E257C0DBAE6C}.Debug|Any CPU.Build.0 = Debug|Any CPU
		{4AA05CAB-2F3F-4464-878E-E257C0DBAE6C}.Release|Any CPU.ActiveCfg = Release|Any CPU
		{4AA05CAB-2F3F-4464-878E-E257C0DBAE6C}.Release|Any CPU.Build.0 = Release|Any CPU
	EndGlobalSection
	GlobalSection(SolutionProperties) = preSolution
		HideSolutionNode = FALSE
	EndGlobalSection
	GlobalSection(ExtensibilityGlobals) = postSolution
		SolutionGuid = {CF7ED46E-4CFB-492E-A880-0CAC2C6681E0}
	EndGlobalSection
EndGlobal
